{
  "name": "vulnerable-node-project",
  "lockfileVersion": 2,
  "requires": true,
  "packages": {
    "": {
      "name": "vulnerable-node-project",
      "version": "1.0.0"
    },
    "node_modules/lodash": {
      "version": "4.17.4",
      "resolved": "https://registry.npmjs.org/lodash/-/lodash-4.17.4.tgz",
      "integrity": "sha512-abc123"
    }
  }
}
